
Microsoft Visual Studio Solution File, Format Version 12.00
# Visual Studio Version 17
VisualStudioVersion = 17.10.35013.160
MinimumVisualStudioVersion = 10.0.40219.1
Project("{FAE04EC0-301F-11D3-BF4B-00C04F79EFBC}") = "Ejercicio6", "Ejercicio6\Ejercicio6.csproj", "{FBE18665-A1F2-4556-B24D-B0DE571924CE}"
EndProject
Global
	GlobalSection(SolutionConfigurationPlatforms) = preSolution
		Debug|Any CPU = Debug|Any CPU
		Release|Any CPU = Release|Any CPU
	EndGlobalSection
	GlobalSection(ProjectConfigurationPlatforms) = postSolution
		{FBE18665-A1F2-4556-B24D-B0DE571924CE}.Debug|Any CPU.ActiveCfg = Debug|Any CPU
		{FBE18665-A1F2-4556-B24D-B0DE571924CE}.Debug|Any CPU.Build.0 = Debug|Any CPU
		{FBE18665-A1F2-4556-B24D-B0DE571924CE}.Release|Any CPU.ActiveCfg = Release|Any CPU
		{FBE18665-A1F2-4556-B24D-B0DE571924CE}.Release|Any CPU.Build.0 = Release|Any CPU
	EndGlobalSection
	GlobalSection(SolutionProperties) = preSolution
		HideSolutionNode = FALSE
	EndGlobalSection
	GlobalSection(ExtensibilityGlobals) = postSolution
		SolutionGuid = {3E778AD4-8662-46AE-B5C9-1476456F7825}
	EndGlobalSection
EndGlobal
