
Microsoft Visual Studio Solution File, Format Version 12.00
# Visual Studio Version 17
VisualStudioVersion = 17.10.35013.160
MinimumVisualStudioVersion = 10.0.40219.1
Project("{FAE04EC0-301F-11D3-BF4B-00C04F79EFBC}") = "Ejercicio1", "Ejercicio1\Ejercicio1.csproj", "{B222CE24-89D3-41C9-A142-345437BF274C}"
EndProject
Global
	GlobalSection(SolutionConfigurationPlatforms) = preSolution
		Debug|Any CPU = Debug|Any CPU
		Release|Any CPU = Release|Any CPU
	EndGlobalSection
	GlobalSection(ProjectConfigurationPlatforms) = postSolution
		{B222CE24-89D3-41C9-A142-345437BF274C}.Debug|Any CPU.ActiveCfg = Debug|Any CPU
		{B222CE24-89D3-41C9-A142-345437BF274C}.Debug|Any CPU.Build.0 = Debug|Any CPU
		{B222CE24-89D3-41C9-A142-345437BF274C}.Release|Any CPU.ActiveCfg = Release|Any CPU
		{B222CE24-89D3-41C9-A142-345437BF274C}.Release|Any CPU.Build.0 = Release|Any CPU
	EndGlobalSection
	GlobalSection(SolutionProperties) = preSolution
		HideSolutionNode = FALSE
	EndGlobalSection
	GlobalSection(ExtensibilityGlobals) = postSolution
		SolutionGuid = {6FDE82F4-6CF0-49B0-B10F-4C4DF9480667}
	EndGlobalSection
EndGlobal
